lockfileVersion: '9.0'

settings:
  autoInstallPeers: true
  excludeLinksFromLockfile: false

importers:

  .:
    dependencies:
      '@bufbuild/protobuf':
        specifier: ^2.2.0
        version: 2.2.0
      wire:
        specifier: link:@bufbuild/protobuf/wire
        version: link:@bufbuild/protobuf/wire

packages:

  '@bufbuild/protobuf@2.2.0':
    resolution: {integrity: sha512-+imAQkHf7U/Rwvu0wk1XWgsP3WnpCWmK7B48f0XqSNzgk64+grljTKC7pnO/xBiEMUziF7vKRfbBnOQhg126qQ==}

snapshots:

  '@bufbuild/protobuf@2.2.0': {}
